# This file is autogenerated, do not edit; changes may be undone by the next 'dep ensure'.


[[projects]]
  digest = "1:8ef506fc2bb9ced9b151dafa592d4046063d744c646c1bbe801982ce87e4bc24"
  name = "github.com/lib/pq"
  packages = [
    ".",
    "oid",
  ]
  pruneopts = "UT"
  revision = "4ded0e9383f75c197b3a2aaa6d590ac52df6fd79"
  version = "v1.0.0"

[[projects]]
  branch = "master"
  digest = "1:77fd594c28cb6c0d06442c41a2faffb9f3ca43c14940c8b3cc93ccb9b8a2d486"
  name = "github.com/sausheong/gwp"
  packages = ["Chapter_2_Go_ChitChat/chitchat/data"]
  pruneopts = "UT"
  revision = "e25181d4e9ed9bc604b5c2f739c1879197341aa2"

[solve-meta]
  analyzer-name = "dep"
  analyzer-version = 1
  input-imports = [
    "github.com/lib/pq",
    "github.com/sausheong/gwp/Chapter_2_Go_ChitChat/chitchat/data",
  ]
  solver-name = "gps-cdcl"
  solver-version = 1
